{
  "originHash" : "ea1c6bc2aba109d31999e1ce65bfa43bca7b58297599c1115a7c7f2d96638e59",
  "pins" : [
    {
      "identity" : "colorcomponents",
      "kind" : "remoteSourceControl",
      "location" : "https://github.com/Vaida12345/ColorComponents.git",
      "state" : {
        "revision" : "440c5199e8b4283c03c93a4e567273f904d41749",
        "version" : "1.1.0"
      }
    },
    {
      "identity" : "concurrentstream",
      "kind" : "remoteSourceControl",
      "location" : "https://github.com/Vaida12345/ConcurrentStream.git",
      "state" : {
        "revision" : "943a7d8f2e2218ee4e3b779ea5d320306e501a73",
        "version" : "1.2.0"
      }
    },
    {
      "identity" : "detaileddescription",
      "kind" : "remoteSourceControl",
      "location" : "https://github.com/Vaida12345/DetailedDescription.git",
      "state" : {
        "revision" : "199b2c999f0a85108dd2f61fb2b00fe2e13ccfc8",
        "version" : "2.2.0"
      }
    },
    {
      "identity" : "essentials",
      "kind" : "remoteSourceControl",
      "location" : "https://github.com/Vaida12345/Essentials.git",
      "state" : {
        "revision" : "d01d257bb592ebfe882101d262f17691f74750b1",
        "version" : "1.2.4"
      }
    },
    {
      "identity" : "finderitem",
      "kind" : "remoteSourceControl",
      "location" : "https://github.com/Vaida12345/FinderItem.git",
      "state" : {
        "revision" : "c1a07c1be31ac5437e35a0c3a690861e20fdac28",
        "version" : "2.2.4"
      }
    },
    {
      "identity" : "nativeimage",
      "kind" : "remoteSourceControl",
      "location" : "https://github.com/Vaida12345/NativeImage.git",
      "state" : {
        "revision" : "6a5fda39a9170ca96dc214c9f42a4e74310531e9",
        "version" : "1.3.0"
      }
    },
    {
      "identity" : "optimization",
      "kind" : "remoteSourceControl",
      "location" : "https://github.com/Vaida12345/Optimization.git",
      "state" : {
        "revision" : "97e661b1cf4fe2a0afacb79789400d40ae423a69",
        "version" : "1.1.1"
      }
    }
  ],
  "version" : 3
}
