{
  "originHash" : "ca593177204bbf62acb5245e55015642b32e760d9514819190fc83e5a83b3015",
  "pins" : [
    {
      "identity" : "concurrentstream",
      "kind" : "remoteSourceControl",
      "location" : "https://www.github.com/Vaida12345/ConcurrentStream",
      "state" : {
        "revision" : "4feebe771b37424e7e1888c5b992058f3b827c7f",
        "version" : "0.1.2"
      }
    },
    {
      "identity" : "detaileddescription",
      "kind" : "remoteSourceControl",
      "location" : "https://www.github.com/Vaida12345/DetailedDescription",
      "state" : {
        "revision" : "bee1e194bde199abc091b0420ec928bdcffdb3fb",
        "version" : "2.0.5"
      }
    },
    {
      "identity" : "essentials",
      "kind" : "remoteSourceControl",
      "location" : "https://www.github.com/Vaida12345/Essentials",
      "state" : {
        "revision" : "f177c1101c3cda5caf1c581cac3d1868dfcbcc49",
        "version" : "1.1.1"
      }
    },
    {
      "identity" : "finderitem",
      "kind" : "remoteSourceControl",
      "location" : "https://www.github.com/Vaida12345/FinderItem",
      "state" : {
        "revision" : "b4b6bda1c7f1b0ead3286269ab941acfae7cc838",
        "version" : "1.0.16"
      }
    },
    {
      "identity" : "nativeimage",
      "kind" : "remoteSourceControl",
      "location" : "https://www.github.com/Vaida12345/NativeImage",
      "state" : {
        "revision" : "c3c562710f058caa9fcbaba2c20ba3e3f404d7ec",
        "version" : "1.0.2"
      }
    },
    {
      "identity" : "optimization",
      "kind" : "remoteSourceControl",
      "location" : "https://www.github.com/Vaida12345/Optimization",
      "state" : {
        "revision" : "d2604a0e5adcdfb718e151cd8aba9810cb6ce156",
        "version" : "1.0.8"
      }
    }
  ],
  "version" : 3
}
