{
  "originHash" : "bdbb36a76a2a51e93e086befebaa277431707112a50a26009c042bace3d97d7b",
  "pins" : [
    {
      "identity" : "concurrentstream",
      "kind" : "remoteSourceControl",
      "location" : "https://github.com/Vaida12345/ConcurrentStream.git",
      "state" : {
        "revision" : "943a7d8f2e2218ee4e3b779ea5d320306e501a73",
        "version" : "1.2.0"
      }
    },
    {
      "identity" : "detaileddescription",
      "kind" : "remoteSourceControl",
      "location" : "https://github.com/Vaida12345/DetailedDescription.git",
      "state" : {
        "revision" : "199b2c999f0a85108dd2f61fb2b00fe2e13ccfc8",
        "version" : "2.2.0"
      }
    },
    {
      "identity" : "essentials",
      "kind" : "remoteSourceControl",
      "location" : "https://github.com/Vaida12345/Essentials.git",
      "state" : {
        "revision" : "d01d257bb592ebfe882101d262f17691f74750b1",
        "version" : "1.2.4"
      }
    },
    {
      "identity" : "finderitem",
      "kind" : "remoteSourceControl",
      "location" : "https://github.com/Vaida12345/FinderItem.git",
      "state" : {
        "revision" : "6b1b16f440d10bf6107171b7045c33da5c3f5fa2",
        "version" : "2.2.1"
      }
    },
    {
      "identity" : "nativeimage",
      "kind" : "remoteSourceControl",
      "location" : "https://github.com/Vaida12345/NativeImage.git",
      "state" : {
        "revision" : "6a5fda39a9170ca96dc214c9f42a4e74310531e9",
        "version" : "1.3.0"
      }
    },
    {
      "identity" : "optimization",
      "kind" : "remoteSourceControl",
      "location" : "https://github.com/Vaida12345/Optimization.git",
      "state" : {
        "revision" : "97e661b1cf4fe2a0afacb79789400d40ae423a69",
        "version" : "1.1.1"
      }
    }
  ],
  "version" : 3
}
